// !$*UTF8*$!
{
	archiveVersion = 1;
	classes = {
	};
	objectVersion = 50;
	objects = {

/* Begin PBXBuildFile section */
		EA21F7A7256E4BB700AD6CD6 /* UserDetailCollectionViewCell.swift in Sources */ = {isa = PBXBuildFile; fileRef = EA21F7A5256E4BB700AD6CD6 /* UserDetailCollectionViewCell.swift */; };
		EA21F7A8256E4BB700AD6CD6 /* UserDetailCollectionViewCell.xib in Resources */ = {isa = PBXBuildFile; fileRef = EA21F7A6256E4BB700AD6CD6 /* UserDetailCollectionViewCell.xib */; };
		EA21F7AC256E522000AD6CD6 /* WardrobeSectionHeader.swift in Sources */ = {isa = PBXBuildFile; fileRef = EA21F7AB256E522000AD6CD6 /* WardrobeSectionHeader.swift */; };
		EA21F7B0256E524000AD6CD6 /* WardrobeSectionHeader.xib in Resources */ = {isa = PBXBuildFile; fileRef = EA21F7AF256E524000AD6CD6 /* WardrobeSectionHeader.xib */; };
		EA21F7B5256E5D7F00AD6CD6 /* ProductCollectionViewCell.swift in Sources */ = {isa = PBXBuildFile; fileRef = EA21F7B3256E5D7F00AD6CD6 /* ProductCollectionViewCell.swift */; };
		EA21F7B6256E5D7F00AD6CD6 /* ProductCollectionViewCell.xib in Resources */ = {isa = PBXBuildFile; fileRef = EA21F7B4256E5D7F00AD6CD6 /* ProductCollectionViewCell.xib */; };
		EA803A4E256E33B8006CB0D9 /* AppDelegate.swift in Sources */ = {isa = PBXBuildFile; fileRef = EA803A4D256E33B8006CB0D9 /* AppDelegate.swift */; };
		EA803A50256E33B8006CB0D9 /* SceneDelegate.swift in Sources */ = {isa = PBXBuildFile; fileRef = EA803A4F256E33B8006CB0D9 /* SceneDelegate.swift */; };
		EA803A52256E33B8006CB0D9 /* ViewController.swift in Sources */ = {isa = PBXBuildFile; fileRef = EA803A51256E33B8006CB0D9 /* ViewController.swift */; };
		EA803A55256E33B8006CB0D9 /* Main.storyboard in Resources */ = {isa = PBXBuildFile; fileRef = EA803A53256E33B8006CB0D9 /* Main.storyboard */; };
		EA803A57256E33BA006CB0D9 /* Assets.xcassets in Resources */ = {isa = PBXBuildFile; fileRef = EA803A56256E33BA006CB0D9 /* Assets.xcassets */; };
		EA803A5A256E33BA006CB0D9 /* LaunchScreen.storyboard in Resources */ = {isa = PBXBuildFile; fileRef = EA803A58256E33BA006CB0D9 /* LaunchScreen.storyboard */; };
/* End PBXBuildFile section */

/* Begin PBXFileReference section */
		EA21F7A5256E4BB700AD6CD6 /* UserDetailCollectionViewCell.swift */ = {isa = PBXFileReference; lastKnownFileType = sourcecode.swift; path = UserDetailCollectionViewCell.swift; sourceTree = "<group>"; };
		EA21F7A6256E4BB700AD6CD6 /* UserDetailCollectionViewCell.xib */ = {isa = PBXFileReference; lastKnownFileType = file.xib; path = UserDetailCollectionViewCell.xib; sourceTree = "<group>"; };
		EA21F7AB256E522000AD6CD6 /* WardrobeSectionHeader.swift */ = {isa = PBXFileReference; lastKnownFileType = sourcecode.swift; path = WardrobeSectionHeader.swift; sourceTree = "<group>"; };
		EA21F7AF256E524000AD6CD6 /* WardrobeSectionHeader.xib */ = {isa = PBXFileReference; lastKnownFileType = file.xib; path = WardrobeSectionHeader.xib; sourceTree = "<group>"; };
		EA21F7B3256E5D7F00AD6CD6 /* ProductCollectionViewCell.swift */ = {isa = PBXFileReference; lastKnownFileType = sourcecode.swift; path = ProductCollectionViewCell.swift; sourceTree = "<group>"; };
		EA21F7B4256E5D7F00AD6CD6 /* ProductCollectionViewCell.xib */ = {isa = PBXFileReference; lastKnownFileType = file.xib; path = ProductCollectionViewCell.xib; sourceTree = "<group>"; };
		EA803A4A256E33B8006CB0D9 /* TestWardrobe.app */ = {isa = PBXFileReference; explicitFileType = wrapper.application; includeInIndex = 0; path = TestWardrobe.app; sourceTree = BUILT_PRODUCTS_DIR; };
		EA803A4D256E33B8006CB0D9 /* AppDelegate.swift */ = {isa = PBXFileReference; lastKnownFileType = sourcecode.swift; path = AppDelegate.swift; sourceTree = "<group>"; };
		EA803A4F256E33B8006CB0D9 /* SceneDelegate.swift */ = {isa = PBXFileReference; lastKnownFileType = sourcecode.swift; path = SceneDelegate.swift; sourceTree = "<group>"; };
		EA803A51256E33B8006CB0D9 /* ViewController.swift */ = {isa = PBXFileReference; lastKnownFileType = sourcecode.swift; path = ViewController.swift; sourceTree = "<group>"; };
		EA803A54256E33B8006CB0D9 /* Base */ = {isa = PBXFileReference; lastKnownFileType = file.storyboard; name = Base; path = Base.lproj/Main.storyboard; sourceTree = "<group>"; };
		EA803A56256E33BA006CB0D9 /* Assets.xcassets */ = {isa = PBXFileReference; lastKnownFileType = folder.assetcatalog; path = Assets.xcassets; sourceTree = "<group>"; };
		EA803A59256E33BA006CB0D9 /* Base */ = {isa = PBXFileReference; lastKnownFileType = file.storyboard; name = Base; path = Base.lproj/LaunchScreen.storyboard; sourceTree = "<group>"; };
		EA803A5B256E33BA006CB0D9 /* Info.plist */ = {isa = PBXFileReference; lastKnownFileType = text.plist.xml; path = Info.plist; sourceTree = "<group>"; };
/* End PBXFileReference section */

/* Begin PBXFrameworksBuildPhase section */
		EA803A47256E33B8006CB0D9 /* Frameworks */ = {
			isa = PBXFrameworksBuildPhase;
			buildActionMask = 2147483647;
			files = (
			);
			runOnlyForDeploymentPostprocessing = 0;
		};
/* End PBXFrameworksBuildPhase section */

/* Begin PBXGroup section */
		EA21F7A4256E4B9700AD6CD6 /* UserDetailCell */ = {
			isa = PBXGroup;
			children = (
				EA21F7A5256E4BB700AD6CD6 /* UserDetailCollectionViewCell.swift */,
				EA21F7A6256E4BB700AD6CD6 /* UserDetailCollectionViewCell.xib */,
			);
			path = UserDetailCell;
			sourceTree = "<group>";
		};
		EA21F7AA256E51A000AD6CD6 /* WardrobeSectionHeader */ = {
			isa = PBXGroup;
			children = (
				EA21F7AB256E522000AD6CD6 /* WardrobeSectionHeader.swift */,
				EA21F7AF256E524000AD6CD6 /* WardrobeSectionHeader.xib */,
			);
			path = WardrobeSectionHeader;
			sourceTree = "<group>";
		};
		EA21F7B2256E5C3800AD6CD6 /* ProductCell */ = {
			isa = PBXGroup;
			children = (
				EA21F7B3256E5D7F00AD6CD6 /* ProductCollectionViewCell.swift */,
				EA21F7B4256E5D7F00AD6CD6 /* ProductCollectionViewCell.xib */,
			);
			path = ProductCell;
			sourceTree = "<group>";
		};
		EA803A41256E33B8006CB0D9 = {
			isa = PBXGroup;
			children = (
				EA803A4C256E33B8006CB0D9 /* TestWardrobe */,
				EA803A4B256E33B8006CB0D9 /* Products */,
			);
			sourceTree = "<group>";
		};
		EA803A4B256E33B8006CB0D9 /* Products */ = {
			isa = PBXGroup;
			children = (
				EA803A4A256E33B8006CB0D9 /* TestWardrobe.app */,
			);
			name = Products;
			sourceTree = "<group>";
		};
		EA803A4C256E33B8006CB0D9 /* TestWardrobe */ = {
			isa = PBXGroup;
			children = (
				EA21F7B2256E5C3800AD6CD6 /* ProductCell */,
				EA21F7AA256E51A000AD6CD6 /* WardrobeSectionHeader */,
				EA21F7A4256E4B9700AD6CD6 /* UserDetailCell */,
				EA803A4D256E33B8006CB0D9 /* AppDelegate.swift */,
				EA803A4F256E33B8006CB0D9 /* SceneDelegate.swift */,
				EA803A51256E33B8006CB0D9 /* ViewController.swift */,
				EA803A53256E33B8006CB0D9 /* Main.storyboard */,
				EA803A56256E33BA006CB0D9 /* Assets.xcassets */,
				EA803A58256E33BA006CB0D9 /* LaunchScreen.storyboard */,
				EA803A5B256E33BA006CB0D9 /* Info.plist */,
			);
			path = TestWardrobe;
			sourceTree = "<group>";
		};
/* End PBXGroup section */

/* Begin PBXNativeTarget section */
		EA803A49256E33B8006CB0D9 /* TestWardrobe */ = {
			isa = PBXNativeTarget;
			buildConfigurationList = EA803A5E256E33BA006CB0D9 /* Build configuration list for PBXNativeTarget "TestWardrobe" */;
			buildPhases = (
				EA803A46256E33B8006CB0D9 /* Sources */,
				EA803A47256E33B8006CB0D9 /* Frameworks */,
				EA803A48256E33B8006CB0D9 /* Resources */,
			);
			buildRules = (
			);
			dependencies = (
			);
			name = TestWardrobe;
			productName = TestWardrobe;
			productReference = EA803A4A256E33B8006CB0D9 /* TestWardrobe.app */;
			productType = "com.apple.product-type.application";
		};
/* End PBXNativeTarget section */

/* Begin PBXProject section */
		EA803A42256E33B8006CB0D9 /* Project object */ = {
			isa = PBXProject;
			attributes = {
				LastSwiftUpdateCheck = 1220;
				LastUpgradeCheck = 1220;
				TargetAttributes = {
					EA803A49256E33B8006CB0D9 = {
						CreatedOnToolsVersion = 12.2;
					};
				};
			};
			buildConfigurationList = EA803A45256E33B8006CB0D9 /* Build configuration list for PBXProject "TestWardrobe" */;
			compatibilityVersion = "Xcode 9.3";
			developmentRegion = en;
			hasScannedForEncodings = 0;
			knownRegions = (
				en,
				Base,
			);
			mainGroup = EA803A41256E33B8006CB0D9;
			productRefGroup = EA803A4B256E33B8006CB0D9 /* Products */;
			projectDirPath = "";
			projectRoot = "";
			targets = (
				EA803A49256E33B8006CB0D9 /* TestWardrobe */,
			);
		};
/* End PBXProject section */

/* Begin PBXResourcesBuildPhase section */
		EA803A48256E33B8006CB0D9 /* Resources */ = {
			isa = PBXResourcesBuildPhase;
			buildActionMask = 2147483647;
			files = (
				EA21F7B0256E524000AD6CD6 /* WardrobeSectionHeader.xib in Resources */,
				EA21F7A8256E4BB700AD6CD6 /* UserDetailCollectionViewCell.xib in Resources */,
				EA21F7B6256E5D7F00AD6CD6 /* ProductCollectionViewCell.xib in Resources */,
				EA803A5A256E33BA006CB0D9 /* LaunchScreen.storyboard in Resources */,
				EA803A57256E33BA006CB0D9 /* Assets.xcassets in Resources */,
				EA803A55256E33B8006CB0D9 /* Main.storyboard in Resources */,
			);
			runOnlyForDeploymentPostprocessing = 0;
		};
/* End PBXResourcesBuildPhase section */

/* Begin PBXSourcesBuildPhase section */
		EA803A46256E33B8006CB0D9 /* Sources */ = {
			isa = PBXSourcesBuildPhase;
			buildActionMask = 2147483647;
			files = (
				EA803A52256E33B8006CB0D9 /* ViewController.swift in Sources */,
				EA803A4E256E33B8006CB0D9 /* AppDelegate.swift in Sources */,
				EA21F7AC256E522000AD6CD6 /* WardrobeSectionHeader.swift in Sources */,
				EA21F7A7256E4BB700AD6CD6 /* UserDetailCollectionViewCell.swift in Sources */,
				EA21F7B5256E5D7F00AD6CD6 /* ProductCollectionViewCell.swift in Sources */,
				EA803A50256E33B8006CB0D9 /* SceneDelegate.swift in Sources */,
			);
			runOnlyForDeploymentPostprocessing = 0;
		};
/* End PBXSourcesBuildPhase section */

/* Begin PBXVariantGroup section */
		EA803A53256E33B8006CB0D9 /* Main.storyboard */ = {
			isa = PBXVariantGroup;
			children = (
				EA803A54256E33B8006CB0D9 /* Base */,
			);
			name = Main.storyboard;
			sourceTree = "<group>";
		};
		EA803A58256E33BA006CB0D9 /* LaunchScreen.storyboard */ = {
			isa = PBXVariantGroup;
			children = (
				EA803A59256E33BA006CB0D9 /* Base */,
			);
			name = LaunchScreen.storyboard;
			sourceTree = "<group>";
		};
/* End PBXVariantGroup section */

/* Begin XCBuildConfiguration section */
		EA803A5C256E33BA006CB0D9 /* Debug */ = {
			isa = XCBuildConfiguration;
			buildSettings = {
				ALWAYS_SEARCH_USER_PATHS = NO;
				CLANG_ANALYZER_NONNULL = YES;
				CLANG_ANALYZER_NUMBER_OBJECT_CONVERSION = YES_AGGRESSIVE;
				CLANG_CXX_LANGUAGE_STANDARD = "gnu++14";
				CLANG_CXX_LIBRARY = "libc++";
				CLANG_ENABLE_MODULES = YES;
				CLANG_ENABLE_OBJC_ARC = YES;
				CLANG_ENABLE_OBJC_WEAK = YES;
				CLANG_WARN_BLOCK_CAPTURE_AUTORELEASING = YES;
				CLANG_WARN_BOOL_CONVERSION = YES;
				CLANG_WARN_COMMA = YES;
				CLANG_WARN_CONSTANT_CONVERSION = YES;
				CLANG_WARN_DEPRECATED_OBJC_IMPLEMENTATIONS = YES;
				CLANG_WARN_DIRECT_OBJC_ISA_USAGE = YES_ERROR;
				CLANG_WARN_DOCUMENTATION_COMMENTS = YES;
				CLANG_WARN_EMPTY_BODY = YES;
				CLANG_WARN_ENUM_CONVERSION = YES;
				CLANG_WARN_INFINITE_RECURSION = YES;
				CLANG_WARN_INT_CONVERSION = YES;
				CLANG_WARN_NON_LITERAL_NULL_CONVERSION = YES;
				CLANG_WARN_OBJC_IMPLICIT_RETAIN_SELF = YES;
				CLANG_WARN_OBJC_LITERAL_CONVERSION = YES;
				CLANG_WARN_OBJC_ROOT_CLASS = YES_ERROR;
				CLANG_WARN_QUOTED_INCLUDE_IN_FRAMEWORK_HEADER = YES;
				CLANG_WARN_RANGE_LOOP_ANALYSIS = YES;
				CLANG_WARN_STRICT_PROTOTYPES = YES;
				CLANG_WARN_SUSPICIOUS_MOVE = YES;
				CLANG_WARN_UNGUARDED_AVAILABILITY = YES_AGGRESSIVE;
				CLANG_WARN_UNREACHABLE_CODE = YES;
				CLANG_WARN__DUPLICATE_METHOD_MATCH = YES;
				COPY_PHASE_STRIP = NO;
				DEBUG_INFORMATION_FORMAT = dwarf;
				ENABLE_STRICT_OBJC_MSGSEND = YES;
				ENABLE_TESTABILITY = YES;
				GCC_C_LANGUAGE_STANDARD = gnu11;
				GCC_DYNAMIC_NO_PIC = NO;
				GCC_NO_COMMON_BLOCKS = YES;
				GCC_OPTIMIZATION_LEVEL = 0;
				GCC_PREPROCESSOR_DEFINITIONS = (
					"DEBUG=1",
					"$(inherited)",
				);
				GCC_WARN_64_TO_32_BIT_CONVERSION = YES;
				GCC_WARN_ABOUT_RETURN_TYPE = YES_ERROR;
				GCC_WARN_UNDECLARED_SELECTOR = YES;
				GCC_WARN_UNINITIALIZED_AUTOS = YES_AGGRESSIVE;
				GCC_WARN_UNUSED_FUNCTION = YES;
				GCC_WARN_UNUSED_VARIABLE = YES;
				IPHONEOS_DEPLOYMENT_TARGET = 14.2;
				MTL_ENABLE_DEBUG_INFO = INCLUDE_SOURCE;
				MTL_FAST_MATH = YES;
				ONLY_ACTIVE_ARCH = YES;
				SDKROOT = iphoneos;
				SWIFT_ACTIVE_COMPILATION_CONDITIONS = DEBUG;
				SWIFT_OPTIMIZATION_LEVEL = "-Onone";
			};
			name = Debug;
		};
		EA803A5D256E33BA006CB0D9 /* Release */ = {
			isa = XCBuildConfiguration;
			buildSettings = {
				ALWAYS_SEARCH_USER_PATHS = NO;
				CLANG_ANALYZER_NONNULL = YES;
				CLANG_ANALYZER_NUMBER_OBJECT_CONVERSION = YES_AGGRESSIVE;
				CLANG_CXX_LANGUAGE_STANDARD = "gnu++14";
				CLANG_CXX_LIBRARY = "libc++";
				CLANG_ENABLE_MODULES = YES;
				CLANG_ENABLE_OBJC_ARC = YES;
				CLANG_ENABLE_OBJC_WEAK = YES;
				CLANG_WARN_BLOCK_CAPTURE_AUTORELEASING = YES;
				CLANG_WARN_BOOL_CONVERSION = YES;
				CLANG_WARN_COMMA = YES;
				CLANG_WARN_CONSTANT_CONVERSION = YES;
				CLANG_WARN_DEPRECATED_OBJC_IMPLEMENTATIONS = YES;
				CLANG_WARN_DIRECT_OBJC_ISA_USAGE = YES_ERROR;
				CLANG_WARN_DOCUMENTATION_COMMENTS = YES;
				CLANG_WARN_EMPTY_BODY = YES;
				CLANG_WARN_ENUM_CONVERSION = YES;
				CLANG_WARN_INFINITE_RECURSION = YES;
				CLANG_WARN_INT_CONVERSION = YES;
				CLANG_WARN_NON_LITERAL_NULL_CONVERSION = YES;
				CLANG_WARN_OBJC_IMPLICIT_RETAIN_SELF = YES;
				CLANG_WARN_OBJC_LITERAL_CONVERSION = YES;
				CLANG_WARN_OBJC_ROOT_CLASS = YES_ERROR;
				CLANG_WARN_QUOTED_INCLUDE_IN_FRAMEWORK_HEADER = YES;
				CLANG_WARN_RANGE_LOOP_ANALYSIS = YES;
				CLANG_WARN_STRICT_PROTOTYPES = YES;
				CLANG_WARN_SUSPICIOUS_MOVE = YES;
				CLANG_WARN_UNGUARDED_AVAILABILITY = YES_AGGRESSIVE;
				CLANG_WARN_UNREACHABLE_CODE = YES;
				CLANG_WARN__DUPLICATE_METHOD_MATCH = YES;
				COPY_PHASE_STRIP = NO;
				DEBUG_INFORMATION_FORMAT = "dwarf-with-dsym";
				ENABLE_NS_ASSERTIONS = NO;
				ENABLE_STRICT_OBJC_MSGSEND = YES;
				GCC_C_LANGUAGE_STANDARD = gnu11;
				GCC_NO_COMMON_BLOCKS = YES;
				GCC_WARN_64_TO_32_BIT_CONVERSION = YES;
				GCC_WARN_ABOUT_RETURN_TYPE = YES_ERROR;
				GCC_WARN_UNDECLARED_SELECTOR = YES;
				GCC_WARN_UNINITIALIZED_AUTOS = YES_AGGRESSIVE;
				GCC_WARN_UNUSED_FUNCTION = YES;
				GCC_WARN_UNUSED_VARIABLE = YES;
				IPHONEOS_DEPLOYMENT_TARGET = 14.2;
				MTL_ENABLE_DEBUG_INFO = NO;
				MTL_FAST_MATH = YES;
				SDKROOT = iphoneos;
				SWIFT_COMPILATION_MODE = wholemodule;
				SWIFT_OPTIMIZATION_LEVEL = "-O";
				VALIDATE_PRODUCT = YES;
			};
			name = Release;
		};
		EA803A5F256E33BA006CB0D9 /* Debug */ = {
			isa = XCBuildConfiguration;
			buildSettings = {
				ASSETCATALOG_COMPILER_APPICON_NAME = AppIcon;
				ASSETCATALOG_COMPILER_GLOBAL_ACCENT_COLOR_NAME = AccentColor;
				CODE_SIGN_STYLE = Automatic;
				DEVELOPMENT_TEAM = PV5FU5K7FT;
				INFOPLIST_FILE = TestWardrobe/Info.plist;
				IPHONEOS_DEPLOYMENT_TARGET = 13.0;
				LD_RUNPATH_SEARCH_PATHS = (
					"$(inherited)",
					"@executable_path/Frameworks",
				);
				PRODUCT_BUNDLE_IDENTIFIER = com.iamyogish.TestWardrobe;
				PRODUCT_NAME = "$(TARGET_NAME)";
				SWIFT_VERSION = 5.0;
				TARGETED_DEVICE_FAMILY = "1,2";
			};
			name = Debug;
		};
		EA803A60256E33BA006CB0D9 /* Release */ = {
			isa = XCBuildConfiguration;
			buildSettings = {
				ASSETCATALOG_COMPILER_APPICON_NAME = AppIcon;
				ASSETCATALOG_COMPILER_GLOBAL_ACCENT_COLOR_NAME = AccentColor;
				CODE_SIGN_STYLE = Automatic;
				DEVELOPMENT_TEAM = PV5FU5K7FT;
				INFOPLIST_FILE = TestWardrobe/Info.plist;
				IPHONEOS_DEPLOYMENT_TARGET = 13.0;
				LD_RUNPATH_SEARCH_PATHS = (
					"$(inherited)",
					"@executable_path/Frameworks",
				);
				PRODUCT_BUNDLE_IDENTIFIER = com.iamyogish.TestWardrobe;
				PRODUCT_NAME = "$(TARGET_NAME)";
				SWIFT_VERSION = 5.0;
				TARGETED_DEVICE_FAMILY = "1,2";
			};
			name = Release;
		};
/* End XCBuildConfiguration section */

/* Begin XCConfigurationList section */
		EA803A45256E33B8006CB0D9 /* Build configuration list for PBXProject "TestWardrobe" */ = {
			isa = XCConfigurationList;
			buildConfigurations = (
				EA803A5C256E33BA006CB0D9 /* Debug */,
				EA803A5D256E33BA006CB0D9 /* Release */,
			);
			defaultConfigurationIsVisible = 0;
			defaultConfigurationName = Release;
		};
		EA803A5E256E33BA006CB0D9 /* Build configuration list for PBXNativeTarget "TestWardrobe" */ = {
			isa = XCConfigurationList;
			buildConfigurations = (
				EA803A5F256E33BA006CB0D9 /* Debug */,
				EA803A60256E33BA006CB0D9 /* Release */,
			);
			defaultConfigurationIsVisible = 0;
			defaultConfigurationName = Release;
		};
/* End XCConfigurationList section */
	};
	rootObject = EA803A42256E33B8006CB0D9 /* Project object */;
}
